// !$*UTF8*$!
{
	archiveVersion = 1;
	classes = {
	};
	objectVersion = 51;
	objects = {

/* Begin PBXBuildFile section */
		A08FA01626B6CA7700C99E7C /* AppDelegate.swift in Sources */ = {isa = PBXBuildFile; fileRef = A08FA01526B6CA7700C99E7C /* AppDelegate.swift */; };
		A08FA01826B6CA7700C99E7C /* SceneDelegate.swift in Sources */ = {isa = PBXBuildFile; fileRef = A08FA01726B6CA7700C99E7C /* SceneDelegate.swift */; };
		A08FA01F26B6CA7800C99E7C /* Assets.xcassets in Resources */ = {isa = PBXBuildFile; fileRef = A08FA01E26B6CA7800C99E7C /* Assets.xcassets */; };
		A08FA02226B6CA7800C99E7C /* LaunchScreen.storyboard in Resources */ = {isa = PBXBuildFile; fileRef = A08FA02026B6CA7800C99E7C /* LaunchScreen.storyboard */; };
		A08FA02D26B6CA7900C99E7C /* Nutrition_AnalysisTests.swift in Sources */ = {isa = PBXBuildFile; fileRef = A08FA02C26B6CA7900C99E7C /* Nutrition_AnalysisTests.swift */; };
		A08FA03826B6CA7900C99E7C /* Nutrition_AnalysisUITests.swift in Sources */ = {isa = PBXBuildFile; fileRef = A08FA03726B6CA7900C99E7C /* Nutrition_AnalysisUITests.swift */; };
		A08FA05426B81E4900C99E7C /* AnalyzeIngredientsVC.swift in Sources */ = {isa = PBXBuildFile; fileRef = A08FA05226B81E4900C99E7C /* AnalyzeIngredientsVC.swift */; };
		A08FA05526B81E4900C99E7C /* AnalyzeIngredientsVC.xib in Resources */ = {isa = PBXBuildFile; fileRef = A08FA05326B81E4900C99E7C /* AnalyzeIngredientsVC.xib */; };
		A08FA05726B833CF00C99E7C /* AnalyzeIngredientsViewModel.swift in Sources */ = {isa = PBXBuildFile; fileRef = A08FA05626B833CF00C99E7C /* AnalyzeIngredientsViewModel.swift */; };
		A08FA05B26B876D800C99E7C /* CustomTextView.swift in Sources */ = {isa = PBXBuildFile; fileRef = A08FA05A26B876D800C99E7C /* CustomTextView.swift */; };
		A090923626BAB0DE0020ABCE /* AppCoordinator.swift in Sources */ = {isa = PBXBuildFile; fileRef = A090923526BAB0DE0020ABCE /* AppCoordinator.swift */; };
		AD9D4B807D8CF555FE2064C4 /* Pods_Nutrition_AnalysisTests.framework in Frameworks */ = {isa = PBXBuildFile; fileRef = BC7F425837CDAA49E5A15EC1 /* Pods_Nutrition_AnalysisTests.framework */; };
		F722DB69F835F0DFF72F7604 /* Pods_Nutrition_Analysis.framework in Frameworks */ = {isa = PBXBuildFile; fileRef = 0F6E21B07DE7861F64C7FA4A /* Pods_Nutrition_Analysis.framework */; };
		F83CB2785427F39FB9541FFE /* Pods_Nutrition_Analysis_Nutrition_AnalysisUITests.framework in Frameworks */ = {isa = PBXBuildFile; fileRef = 7BBA399893E28999C14A7F19 /* Pods_Nutrition_Analysis_Nutrition_AnalysisUITests.framework */; };
/* End PBXBuildFile section */

/* Begin PBXContainerItemProxy section */
		A08FA02926B6CA7800C99E7C /* PBXContainerItemProxy */ = {
			isa = PBXContainerItemProxy;
			containerPortal = A08FA00A26B6CA7700C99E7C /* Project object */;
			proxyType = 1;
			remoteGlobalIDString = A08FA01126B6CA7700C99E7C;
			remoteInfo = "Nutrition Analysis";
		};
		A08FA03426B6CA7900C99E7C /* PBXContainerItemProxy */ = {
			isa = PBXContainerItemProxy;
			containerPortal = A08FA00A26B6CA7700C99E7C /* Project object */;
			proxyType = 1;
			remoteGlobalIDString = A08FA01126B6CA7700C99E7C;
			remoteInfo = "Nutrition Analysis";
		};
/* End PBXContainerItemProxy section */

/* Begin PBXFileReference section */
		0F6E21B07DE7861F64C7FA4A /* Pods_Nutrition_Analysis.framework */ = {isa = PBXFileReference; explicitFileType = wrapper.framework; includeInIndex = 0; path = Pods_Nutrition_Analysis.framework; sourceTree = BUILT_PRODUCTS_DIR; };
		1222772EB85BC38206398D58 /* Pods-Nutrition AnalysisTests.debug.xcconfig */ = {isa = PBXFileReference; includeInIndex = 1; lastKnownFileType = text.xcconfig; name = "Pods-Nutrition AnalysisTests.debug.xcconfig"; path = "Target Support Files/Pods-Nutrition AnalysisTests/Pods-Nutrition AnalysisTests.debug.xcconfig"; sourceTree = "<group>"; };
		19A71167A2D46935227CA4EF /* Pods-Nutrition Analysis-Nutrition AnalysisUITests.release.xcconfig */ = {isa = PBXFileReference; includeInIndex = 1; lastKnownFileType = text.xcconfig; name = "Pods-Nutrition Analysis-Nutrition AnalysisUITests.release.xcconfig"; path = "Target Support Files/Pods-Nutrition Analysis-Nutrition AnalysisUITests/Pods-Nutrition Analysis-Nutrition AnalysisUITests.release.xcconfig"; sourceTree = "<group>"; };
		728CF512CB1E95BED3F459A9 /* Pods-Nutrition Analysis.release.xcconfig */ = {isa = PBXFileReference; includeInIndex = 1; lastKnownFileType = text.xcconfig; name = "Pods-Nutrition Analysis.release.xcconfig"; path = "Target Support Files/Pods-Nutrition Analysis/Pods-Nutrition Analysis.release.xcconfig"; sourceTree = "<group>"; };
		7BBA399893E28999C14A7F19 /* Pods_Nutrition_Analysis_Nutrition_AnalysisUITests.framework */ = {isa = PBXFileReference; explicitFileType = wrapper.framework; includeInIndex = 0; path = Pods_Nutrition_Analysis_Nutrition_AnalysisUITests.framework; sourceTree = BUILT_PRODUCTS_DIR; };
		83A3019B5A4C295FFB6B77C1 /* Pods-Nutrition Analysis-Nutrition AnalysisUITests.debug.xcconfig */ = {isa = PBXFileReference; includeInIndex = 1; lastKnownFileType = text.xcconfig; name = "Pods-Nutrition Analysis-Nutrition AnalysisUITests.debug.xcconfig"; path = "Target Support Files/Pods-Nutrition Analysis-Nutrition AnalysisUITests/Pods-Nutrition Analysis-Nutrition AnalysisUITests.debug.xcconfig"; sourceTree = "<group>"; };
		9688B3F33A3D6CAD4590B853 /* Pods-Nutrition AnalysisTests.release.xcconfig */ = {isa = PBXFileReference; includeInIndex = 1; lastKnownFileType = text.xcconfig; name = "Pods-Nutrition AnalysisTests.release.xcconfig"; path = "Target Support Files/Pods-Nutrition AnalysisTests/Pods-Nutrition AnalysisTests.release.xcconfig"; sourceTree = "<group>"; };
		A08FA01226B6CA7700C99E7C /* Nutrition Analysis.app */ = {isa = PBXFileReference; explicitFileType = wrapper.application; includeInIndex = 0; path = "Nutrition Analysis.app"; sourceTree = BUILT_PRODUCTS_DIR; };
		A08FA01526B6CA7700C99E7C /* AppDelegate.swift */ = {isa = PBXFileReference; lastKnownFileType = sourcecode.swift; path = AppDelegate.swift; sourceTree = "<group>"; };
		A08FA01726B6CA7700C99E7C /* SceneDelegate.swift */ = {isa = PBXFileReference; lastKnownFileType = sourcecode.swift; path = SceneDelegate.swift; sourceTree = "<group>"; };
		A08FA01E26B6CA7800C99E7C /* Assets.xcassets */ = {isa = PBXFileReference; lastKnownFileType = folder.assetcatalog; path = Assets.xcassets; sourceTree = "<group>"; };
		A08FA02126B6CA7800C99E7C /* Base */ = {isa = PBXFileReference; lastKnownFileType = file.storyboard; name = Base; path = Base.lproj/LaunchScreen.storyboard; sourceTree = "<group>"; };
		A08FA02326B6CA7800C99E7C /* Info.plist */ = {isa = PBXFileReference; lastKnownFileType = text.plist.xml; path = Info.plist; sourceTree = "<group>"; };
		A08FA02826B6CA7800C99E7C /* Nutrition AnalysisTests.xctest */ = {isa = PBXFileReference; explicitFileType = wrapper.cfbundle; includeInIndex = 0; path = "Nutrition AnalysisTests.xctest"; sourceTree = BUILT_PRODUCTS_DIR; };
		A08FA02C26B6CA7900C99E7C /* Nutrition_AnalysisTests.swift */ = {isa = PBXFileReference; lastKnownFileType = sourcecode.swift; path = Nutrition_AnalysisTests.swift; sourceTree = "<group>"; };
		A08FA02E26B6CA7900C99E7C /* Info.plist */ = {isa = PBXFileReference; lastKnownFileType = text.plist.xml; path = Info.plist; sourceTree = "<group>"; };
		A08FA03326B6CA7900C99E7C /* Nutrition AnalysisUITests.xctest */ = {isa = PBXFileReference; explicitFileType = wrapper.cfbundle; includeInIndex = 0; path = "Nutrition AnalysisUITests.xctest"; sourceTree = BUILT_PRODUCTS_DIR; };
		A08FA03726B6CA7900C99E7C /* Nutrition_AnalysisUITests.swift */ = {isa = PBXFileReference; lastKnownFileType = sourcecode.swift; path = Nutrition_AnalysisUITests.swift; sourceTree = "<group>"; };
		A08FA03926B6CA7900C99E7C /* Info.plist */ = {isa = PBXFileReference; lastKnownFileType = text.plist.xml; path = Info.plist; sourceTree = "<group>"; };
		A08FA05226B81E4900C99E7C /* AnalyzeIngredientsVC.swift */ = {isa = PBXFileReference; lastKnownFileType = sourcecode.swift; path = AnalyzeIngredientsVC.swift; sourceTree = "<group>"; };
		A08FA05326B81E4900C99E7C /* AnalyzeIngredientsVC.xib */ = {isa = PBXFileReference; lastKnownFileType = file.xib; path = AnalyzeIngredientsVC.xib; sourceTree = "<group>"; };
		A08FA05626B833CF00C99E7C /* AnalyzeIngredientsViewModel.swift */ = {isa = PBXFileReference; lastKnownFileType = sourcecode.swift; path = AnalyzeIngredientsViewModel.swift; sourceTree = "<group>"; };
		A08FA05A26B876D800C99E7C /* CustomTextView.swift */ = {isa = PBXFileReference; lastKnownFileType = sourcecode.swift; path = CustomTextView.swift; sourceTree = "<group>"; };
		A090923526BAB0DE0020ABCE /* AppCoordinator.swift */ = {isa = PBXFileReference; lastKnownFileType = sourcecode.swift; path = AppCoordinator.swift; sourceTree = "<group>"; };
		BC7F425837CDAA49E5A15EC1 /* Pods_Nutrition_AnalysisTests.framework */ = {isa = PBXFileReference; explicitFileType = wrapper.framework; includeInIndex = 0; path = Pods_Nutrition_AnalysisTests.framework; sourceTree = BUILT_PRODUCTS_DIR; };
		D2FE1D04FD21F58B39449E25 /* Pods-Nutrition Analysis.debug.xcconfig */ = {isa = PBXFileReference; includeInIndex = 1; lastKnownFileType = text.xcconfig; name = "Pods-Nutrition Analysis.debug.xcconfig"; path = "Target Support Files/Pods-Nutrition Analysis/Pods-Nutrition Analysis.debug.xcconfig"; sourceTree = "<group>"; };
/* End PBXFileReference section */

/* Begin PBXFrameworksBuildPhase section */
		A08FA00F26B6CA7700C99E7C /* Frameworks */ = {
			isa = PBXFrameworksBuildPhase;
			buildActionMask = 2147483647;
			files = (
				F722DB69F835F0DFF72F7604 /* Pods_Nutrition_Analysis.framework in Frameworks */,
			);
			runOnlyForDeploymentPostprocessing = 0;
		};
		A08FA02526B6CA7800C99E7C /* Frameworks */ = {
			isa = PBXFrameworksBuildPhase;
			buildActionMask = 2147483647;
			files = (
				AD9D4B807D8CF555FE2064C4 /* Pods_Nutrition_AnalysisTests.framework in Frameworks */,
			);
			runOnlyForDeploymentPostprocessing = 0;
		};
		A08FA03026B6CA7900C99E7C /* Frameworks */ = {
			isa = PBXFrameworksBuildPhase;
			buildActionMask = 2147483647;
			files = (
				F83CB2785427F39FB9541FFE /* Pods_Nutrition_Analysis_Nutrition_AnalysisUITests.framework in Frameworks */,
			);
			runOnlyForDeploymentPostprocessing = 0;
		};
/* End PBXFrameworksBuildPhase section */

/* Begin PBXGroup section */
		518EB8041EBB78FDC5645413 /* Pods */ = {
			isa = PBXGroup;
			children = (
				D2FE1D04FD21F58B39449E25 /* Pods-Nutrition Analysis.debug.xcconfig */,
				728CF512CB1E95BED3F459A9 /* Pods-Nutrition Analysis.release.xcconfig */,
				83A3019B5A4C295FFB6B77C1 /* Pods-Nutrition Analysis-Nutrition AnalysisUITests.debug.xcconfig */,
				19A71167A2D46935227CA4EF /* Pods-Nutrition Analysis-Nutrition AnalysisUITests.release.xcconfig */,
				1222772EB85BC38206398D58 /* Pods-Nutrition AnalysisTests.debug.xcconfig */,
				9688B3F33A3D6CAD4590B853 /* Pods-Nutrition AnalysisTests.release.xcconfig */,
			);
			path = Pods;
			sourceTree = "<group>";
		};
		A08FA00926B6CA7700C99E7C = {
			isa = PBXGroup;
			children = (
				A08FA01426B6CA7700C99E7C /* Nutrition Analysis */,
				A08FA02B26B6CA7900C99E7C /* Nutrition AnalysisTests */,
				A08FA03626B6CA7900C99E7C /* Nutrition AnalysisUITests */,
				A08FA01326B6CA7700C99E7C /* Products */,
				518EB8041EBB78FDC5645413 /* Pods */,
				D8C80C990CB55FEE11BB8D3F /* Frameworks */,
			);
			sourceTree = "<group>";
		};
		A08FA01326B6CA7700C99E7C /* Products */ = {
			isa = PBXGroup;
			children = (
				A08FA01226B6CA7700C99E7C /* Nutrition Analysis.app */,
				A08FA02826B6CA7800C99E7C /* Nutrition AnalysisTests.xctest */,
				A08FA03326B6CA7900C99E7C /* Nutrition AnalysisUITests.xctest */,
			);
			name = Products;
			sourceTree = "<group>";
		};
		A08FA01426B6CA7700C99E7C /* Nutrition Analysis */ = {
			isa = PBXGroup;
			children = (
				A08FA05826B8764900C99E7C /* Helpers */,
				A08FA04826B6E50200C99E7C /* Scenes */,
				A08FA04726B6DDAE00C99E7C /* Network */,
				A08FA04626B6DD7800C99E7C /* Models */,
				A08FA04526B6CFA800C99E7C /* Supporting Files */,
				A08FA02026B6CA7800C99E7C /* LaunchScreen.storyboard */,
			);
			path = "Nutrition Analysis";
			sourceTree = "<group>";
		};
		A08FA02B26B6CA7900C99E7C /* Nutrition AnalysisTests */ = {
			isa = PBXGroup;
			children = (
				A08FA02C26B6CA7900C99E7C /* Nutrition_AnalysisTests.swift */,
				A08FA02E26B6CA7900C99E7C /* Info.plist */,
			);
			path = "Nutrition AnalysisTests";
			sourceTree = "<group>";
		};
		A08FA03626B6CA7900C99E7C /* Nutrition AnalysisUITests */ = {
			isa = PBXGroup;
			children = (
				A08FA03726B6CA7900C99E7C /* Nutrition_AnalysisUITests.swift */,
				A08FA03926B6CA7900C99E7C /* Info.plist */,
			);
			path = "Nutrition AnalysisUITests";
			sourceTree = "<group>";
		};
		A08FA04526B6CFA800C99E7C /* Supporting Files */ = {
			isa = PBXGroup;
			children = (
				A08FA02326B6CA7800C99E7C /* Info.plist */,
				A08FA01E26B6CA7800C99E7C /* Assets.xcassets */,
				A08FA01726B6CA7700C99E7C /* SceneDelegate.swift */,
				A08FA01526B6CA7700C99E7C /* AppDelegate.swift */,
			);
			path = "Supporting Files";
			sourceTree = "<group>";
		};
		A08FA04626B6DD7800C99E7C /* Models */ = {
			isa = PBXGroup;
			children = (
			);
			path = Models;
			sourceTree = "<group>";
		};
		A08FA04726B6DDAE00C99E7C /* Network */ = {
			isa = PBXGroup;
			children = (
			);
			path = Network;
			sourceTree = "<group>";
		};
		A08FA04826B6E50200C99E7C /* Scenes */ = {
			isa = PBXGroup;
			children = (
				A090923426BAB08E0020ABCE /* Shared */,
				A08FA04926B81C4900C99E7C /* Analyze Ingredients */,
			);
			path = Scenes;
			sourceTree = "<group>";
		};
		A08FA04926B81C4900C99E7C /* Analyze Ingredients */ = {
			isa = PBXGroup;
			children = (
				A08FA05326B81E4900C99E7C /* AnalyzeIngredientsVC.xib */,
				A08FA05226B81E4900C99E7C /* AnalyzeIngredientsVC.swift */,
				A08FA05626B833CF00C99E7C /* AnalyzeIngredientsViewModel.swift */,
			);
			path = "Analyze Ingredients";
			sourceTree = "<group>";
		};
		A08FA05826B8764900C99E7C /* Helpers */ = {
			isa = PBXGroup;
			children = (
				A08FA05926B8767500C99E7C /* Custom Views */,
			);
			path = Helpers;
			sourceTree = "<group>";
		};
		A08FA05926B8767500C99E7C /* Custom Views */ = {
			isa = PBXGroup;
			children = (
				A08FA05A26B876D800C99E7C /* CustomTextView.swift */,
			);
			path = "Custom Views";
			sourceTree = "<group>";
		};
		A090923426BAB08E0020ABCE /* Shared */ = {
			isa = PBXGroup;
			children = (
				A090923526BAB0DE0020ABCE /* AppCoordinator.swift */,
			);
			path = Shared;
			sourceTree = "<group>";
		};
		D8C80C990CB55FEE11BB8D3F /* Frameworks */ = {
			isa = PBXGroup;
			children = (
				0F6E21B07DE7861F64C7FA4A /* Pods_Nutrition_Analysis.framework */,
				7BBA399893E28999C14A7F19 /* Pods_Nutrition_Analysis_Nutrition_AnalysisUITests.framework */,
				BC7F425837CDAA49E5A15EC1 /* Pods_Nutrition_AnalysisTests.framework */,
			);
			name = Frameworks;
			sourceTree = "<group>";
		};
/* End PBXGroup section */

/* Begin PBXNativeTarget section */
		A08FA01126B6CA7700C99E7C /* Nutrition Analysis */ = {
			isa = PBXNativeTarget;
			buildConfigurationList = A08FA03C26B6CA7900C99E7C /* Build configuration list for PBXNativeTarget "Nutrition Analysis" */;
			buildPhases = (
				C01298F41D9419B4982FF453 /* [CP] Check Pods Manifest.lock */,
				A08FA00E26B6CA7700C99E7C /* Sources */,
				A08FA00F26B6CA7700C99E7C /* Frameworks */,
				A08FA01026B6CA7700C99E7C /* Resources */,
				3273A468716345786DD954AD /* [CP] Embed Pods Frameworks */,
			);
			buildRules = (
			);
			dependencies = (
			);
			name = "Nutrition Analysis";
			productName = "Nutrition Analysis";
			productReference = A08FA01226B6CA7700C99E7C /* Nutrition Analysis.app */;
			productType = "com.apple.product-type.application";
		};
		A08FA02726B6CA7800C99E7C /* Nutrition AnalysisTests */ = {
			isa = PBXNativeTarget;
			buildConfigurationList = A08FA03F26B6CA7900C99E7C /* Build configuration list for PBXNativeTarget "Nutrition AnalysisTests" */;
			buildPhases = (
				D1E0D718EB6FDEDD7A6CB49A /* [CP] Check Pods Manifest.lock */,
				A08FA02426B6CA7800C99E7C /* Sources */,
				A08FA02526B6CA7800C99E7C /* Frameworks */,
				A08FA02626B6CA7800C99E7C /* Resources */,
			);
			buildRules = (
			);
			dependencies = (
				A08FA02A26B6CA7800C99E7C /* PBXTargetDependency */,
			);
			name = "Nutrition AnalysisTests";
			productName = "Nutrition AnalysisTests";
			productReference = A08FA02826B6CA7800C99E7C /* Nutrition AnalysisTests.xctest */;
			productType = "com.apple.product-type.bundle.unit-test";
		};
		A08FA03226B6CA7900C99E7C /* Nutrition AnalysisUITests */ = {
			isa = PBXNativeTarget;
			buildConfigurationList = A08FA04226B6CA7900C99E7C /* Build configuration list for PBXNativeTarget "Nutrition AnalysisUITests" */;
			buildPhases = (
				CA0EDFE24668C233200D7EB6 /* [CP] Check Pods Manifest.lock */,
				A08FA02F26B6CA7900C99E7C /* Sources */,
				A08FA03026B6CA7900C99E7C /* Frameworks */,
				A08FA03126B6CA7900C99E7C /* Resources */,
				7FE3DB839C5956376C5CDEAF /* [CP] Embed Pods Frameworks */,
			);
			buildRules = (
			);
			dependencies = (
				A08FA03526B6CA7900C99E7C /* PBXTargetDependency */,
			);
			name = "Nutrition AnalysisUITests";
			productName = "Nutrition AnalysisUITests";
			productReference = A08FA03326B6CA7900C99E7C /* Nutrition AnalysisUITests.xctest */;
			productType = "com.apple.product-type.bundle.ui-testing";
		};
/* End PBXNativeTarget section */

/* Begin PBXProject section */
		A08FA00A26B6CA7700C99E7C /* Project object */ = {
			isa = PBXProject;
			attributes = {
				LastSwiftUpdateCheck = 1250;
				LastUpgradeCheck = 1250;
				TargetAttributes = {
					A08FA01126B6CA7700C99E7C = {
						CreatedOnToolsVersion = 12.5.1;
					};
					A08FA02726B6CA7800C99E7C = {
						CreatedOnToolsVersion = 12.5.1;
						TestTargetID = A08FA01126B6CA7700C99E7C;
					};
					A08FA03226B6CA7900C99E7C = {
						CreatedOnToolsVersion = 12.5.1;
						TestTargetID = A08FA01126B6CA7700C99E7C;
					};
				};
			};
			buildConfigurationList = A08FA00D26B6CA7700C99E7C /* Build configuration list for PBXProject "Nutrition Analysis" */;
			compatibilityVersion = "Xcode 9.3";
			developmentRegion = en;
			hasScannedForEncodings = 0;
			knownRegions = (
				en,
				Base,
			);
			mainGroup = A08FA00926B6CA7700C99E7C;
			productRefGroup = A08FA01326B6CA7700C99E7C /* Products */;
			projectDirPath = "";
			projectRoot = "";
			targets = (
				A08FA01126B6CA7700C99E7C /* Nutrition Analysis */,
				A08FA02726B6CA7800C99E7C /* Nutrition AnalysisTests */,
				A08FA03226B6CA7900C99E7C /* Nutrition AnalysisUITests */,
			);
		};
/* End PBXProject section */

/* Begin PBXResourcesBuildPhase section */
		A08FA01026B6CA7700C99E7C /* Resources */ = {
			isa = PBXResourcesBuildPhase;
			buildActionMask = 2147483647;
			files = (
				A08FA02226B6CA7800C99E7C /* LaunchScreen.storyboard in Resources */,
				A08FA05526B81E4900C99E7C /* AnalyzeIngredientsVC.xib in Resources */,
				A08FA01F26B6CA7800C99E7C /* Assets.xcassets in Resources */,
			);
			runOnlyForDeploymentPostprocessing = 0;
		};
		A08FA02626B6CA7800C99E7C /* Resources */ = {
			isa = PBXResourcesBuildPhase;
			buildActionMask = 2147483647;
			files = (
			);
			runOnlyForDeploymentPostprocessing = 0;
		};
		A08FA03126B6CA7900C99E7C /* Resources */ = {
			isa = PBXResourcesBuildPhase;
			buildActionMask = 2147483647;
			files = (
			);
			runOnlyForDeploymentPostprocessing = 0;
		};
/* End PBXResourcesBuildPhase section */

/* Begin PBXShellScriptBuildPhase section */
		3273A468716345786DD954AD /* [CP] Embed Pods Frameworks */ = {
			isa = PBXShellScriptBuildPhase;
			buildActionMask = 2147483647;
			files = (
			);
			inputFileListPaths = (
				"${PODS_ROOT}/Target Support Files/Pods-Nutrition Analysis/Pods-Nutrition Analysis-frameworks-${CONFIGURATION}-input-files.xcfilelist",
			);
			name = "[CP] Embed Pods Frameworks";
			outputFileListPaths = (
				"${PODS_ROOT}/Target Support Files/Pods-Nutrition Analysis/Pods-Nutrition Analysis-frameworks-${CONFIGURATION}-output-files.xcfilelist",
			);
			runOnlyForDeploymentPostprocessing = 0;
			shellPath = /bin/sh;
			shellScript = "\"${PODS_ROOT}/Target Support Files/Pods-Nutrition Analysis/Pods-Nutrition Analysis-frameworks.sh\"\n";
			showEnvVarsInLog = 0;
		};
		7FE3DB839C5956376C5CDEAF /* [CP] Embed Pods Frameworks */ = {
			isa = PBXShellScriptBuildPhase;
			buildActionMask = 2147483647;
			files = (
			);
			inputFileListPaths = (
				"${PODS_ROOT}/Target Support Files/Pods-Nutrition Analysis-Nutrition AnalysisUITests/Pods-Nutrition Analysis-Nutrition AnalysisUITests-frameworks-${CONFIGURATION}-input-files.xcfilelist",
			);
			name = "[CP] Embed Pods Frameworks";
			outputFileListPaths = (
				"${PODS_ROOT}/Target Support Files/Pods-Nutrition Analysis-Nutrition AnalysisUITests/Pods-Nutrition Analysis-Nutrition AnalysisUITests-frameworks-${CONFIGURATION}-output-files.xcfilelist",
			);
			runOnlyForDeploymentPostprocessing = 0;
			shellPath = /bin/sh;
			shellScript = "\"${PODS_ROOT}/Target Support Files/Pods-Nutrition Analysis-Nutrition AnalysisUITests/Pods-Nutrition Analysis-Nutrition AnalysisUITests-frameworks.sh\"\n";
			showEnvVarsInLog = 0;
		};
		C01298F41D9419B4982FF453 /* [CP] Check Pods Manifest.lock */ = {
			isa = PBXShellScriptBuildPhase;
			buildActionMask = 2147483647;
			files = (
			);
			inputFileListPaths = (
			);
			inputPaths = (
				"${PODS_PODFILE_DIR_PATH}/Podfile.lock",
				"${PODS_ROOT}/Manifest.lock",
			);
			name = "[CP] Check Pods Manifest.lock";
			outputFileListPaths = (
			);
			outputPaths = (
				"$(DERIVED_FILE_DIR)/Pods-Nutrition Analysis-checkManifestLockResult.txt",
			);
			runOnlyForDeploymentPostprocessing = 0;
			shellPath = /bin/sh;
			shellScript = "diff \"${PODS_PODFILE_DIR_PATH}/Podfile.lock\" \"${PODS_ROOT}/Manifest.lock\" > /dev/null\nif [ $? != 0 ] ; then\n    # print error to STDERR\n    echo \"error: The sandbox is not in sync with the Podfile.lock. Run 'pod install' or update your CocoaPods installation.\" >&2\n    exit 1\nfi\n# This output is used by Xcode 'outputs' to avoid re-running this script phase.\necho \"SUCCESS\" > \"${SCRIPT_OUTPUT_FILE_0}\"\n";
			showEnvVarsInLog = 0;
		};
		CA0EDFE24668C233200D7EB6 /* [CP] Check Pods Manifest.lock */ = {
			isa = PBXShellScriptBuildPhase;
			buildActionMask = 2147483647;
			files = (
			);
			inputFileListPaths = (
			);
			inputPaths = (
				"${PODS_PODFILE_DIR_PATH}/Podfile.lock",
				"${PODS_ROOT}/Manifest.lock",
			);
			name = "[CP] Check Pods Manifest.lock";
			outputFileListPaths = (
			);
			outputPaths = (
				"$(DERIVED_FILE_DIR)/Pods-Nutrition Analysis-Nutrition AnalysisUITests-checkManifestLockResult.txt",
			);
			runOnlyForDeploymentPostprocessing = 0;
			shellPath = /bin/sh;
			shellScript = "diff \"${PODS_PODFILE_DIR_PATH}/Podfile.lock\" \"${PODS_ROOT}/Manifest.lock\" > /dev/null\nif [ $? != 0 ] ; then\n    # print error to STDERR\n    echo \"error: The sandbox is not in sync with the Podfile.lock. Run 'pod install' or update your CocoaPods installation.\" >&2\n    exit 1\nfi\n# This output is used by Xcode 'outputs' to avoid re-running this script phase.\necho \"SUCCESS\" > \"${SCRIPT_OUTPUT_FILE_0}\"\n";
			showEnvVarsInLog = 0;
		};
		D1E0D718EB6FDEDD7A6CB49A /* [CP] Check Pods Manifest.lock */ = {
			isa = PBXShellScriptBuildPhase;
			buildActionMask = 2147483647;
			files = (
			);
			inputFileListPaths = (
			);
			inputPaths = (
				"${PODS_PODFILE_DIR_PATH}/Podfile.lock",
				"${PODS_ROOT}/Manifest.lock",
			);
			name = "[CP] Check Pods Manifest.lock";
			outputFileListPaths = (
			);
			outputPaths = (
				"$(DERIVED_FILE_DIR)/Pods-Nutrition AnalysisTests-checkManifestLockResult.txt",
			);
			runOnlyForDeploymentPostprocessing = 0;
			shellPath = /bin/sh;
			shellScript = "diff \"${PODS_PODFILE_DIR_PATH}/Podfile.lock\" \"${PODS_ROOT}/Manifest.lock\" > /dev/null\nif [ $? != 0 ] ; then\n    # print error to STDERR\n    echo \"error: The sandbox is not in sync with the Podfile.lock. Run 'pod install' or update your CocoaPods installation.\" >&2\n    exit 1\nfi\n# This output is used by Xcode 'outputs' to avoid re-running this script phase.\necho \"SUCCESS\" > \"${SCRIPT_OUTPUT_FILE_0}\"\n";
			showEnvVarsInLog = 0;
		};
/* End PBXShellScriptBuildPhase section */

/* Begin PBXSourcesBuildPhase section */
		A08FA00E26B6CA7700C99E7C /* Sources */ = {
			isa = PBXSourcesBuildPhase;
			buildActionMask = 2147483647;
			files = (
				A090923626BAB0DE0020ABCE /* AppCoordinator.swift in Sources */,
				A08FA05726B833CF00C99E7C /* AnalyzeIngredientsViewModel.swift in Sources */,
				A08FA05B26B876D800C99E7C /* CustomTextView.swift in Sources */,
				A08FA01626B6CA7700C99E7C /* AppDelegate.swift in Sources */,
				A08FA05426B81E4900C99E7C /* AnalyzeIngredientsVC.swift in Sources */,
				A08FA01826B6CA7700C99E7C /* SceneDelegate.swift in Sources */,
			);
			runOnlyForDeploymentPostprocessing = 0;
		};
		A08FA02426B6CA7800C99E7C /* Sources */ = {
			isa = PBXSourcesBuildPhase;
			buildActionMask = 2147483647;
			files = (
				A08FA02D26B6CA7900C99E7C /* Nutrition_AnalysisTests.swift in Sources */,
			);
			runOnlyForDeploymentPostprocessing = 0;
		};
		A08FA02F26B6CA7900C99E7C /* Sources */ = {
			isa = PBXSourcesBuildPhase;
			buildActionMask = 2147483647;
			files = (
				A08FA03826B6CA7900C99E7C /* Nutrition_AnalysisUITests.swift in Sources */,
			);
			runOnlyForDeploymentPostprocessing = 0;
		};
/* End PBXSourcesBuildPhase section */

/* Begin PBXTargetDependency section */
		A08FA02A26B6CA7800C99E7C /* PBXTargetDependency */ = {
			isa = PBXTargetDependency;
			target = A08FA01126B6CA7700C99E7C /* Nutrition Analysis */;
			targetProxy = A08FA02926B6CA7800C99E7C /* PBXContainerItemProxy */;
		};
		A08FA03526B6CA7900C99E7C /* PBXTargetDependency */ = {
			isa = PBXTargetDependency;
			target = A08FA01126B6CA7700C99E7C /* Nutrition Analysis */;
			targetProxy = A08FA03426B6CA7900C99E7C /* PBXContainerItemProxy */;
		};
/* End PBXTargetDependency section */

/* Begin PBXVariantGroup section */
		A08FA02026B6CA7800C99E7C /* LaunchScreen.storyboard */ = {
			isa = PBXVariantGroup;
			children = (
				A08FA02126B6CA7800C99E7C /* Base */,
			);
			name = LaunchScreen.storyboard;
			sourceTree = "<group>";
		};
/* End PBXVariantGroup section */

/* Begin XCBuildConfiguration section */
		A08FA03A26B6CA7900C99E7C /* Debug */ = {
			isa = XCBuildConfiguration;
			buildSettings = {
				ALWAYS_SEARCH_USER_PATHS = NO;
				CLANG_ANALYZER_NONNULL = YES;
				CLANG_ANALYZER_NUMBER_OBJECT_CONVERSION = YES_AGGRESSIVE;
				CLANG_CXX_LANGUAGE_STANDARD = "gnu++14";
				CLANG_CXX_LIBRARY = "libc++";
				CLANG_ENABLE_MODULES = YES;
				CLANG_ENABLE_OBJC_ARC = YES;
				CLANG_ENABLE_OBJC_WEAK = YES;
				CLANG_WARN_BLOCK_CAPTURE_AUTORELEASING = YES;
				CLANG_WARN_BOOL_CONVERSION = YES;
				CLANG_WARN_COMMA = YES;
				CLANG_WARN_CONSTANT_CONVERSION = YES;
				CLANG_WARN_DEPRECATED_OBJC_IMPLEMENTATIONS = YES;
				CLANG_WARN_DIRECT_OBJC_ISA_USAGE = YES_ERROR;
				CLANG_WARN_DOCUMENTATION_COMMENTS = YES;
				CLANG_WARN_EMPTY_BODY = YES;
				CLANG_WARN_ENUM_CONVERSION = YES;
				CLANG_WARN_INFINITE_RECURSION = YES;
				CLANG_WARN_INT_CONVERSION = YES;
				CLANG_WARN_NON_LITERAL_NULL_CONVERSION = YES;
				CLANG_WARN_OBJC_IMPLICIT_RETAIN_SELF = YES;
				CLANG_WARN_OBJC_LITERAL_CONVERSION = YES;
				CLANG_WARN_OBJC_ROOT_CLASS = YES_ERROR;
				CLANG_WARN_QUOTED_INCLUDE_IN_FRAMEWORK_HEADER = YES;
				CLANG_WARN_RANGE_LOOP_ANALYSIS = YES;
				CLANG_WARN_STRICT_PROTOTYPES = YES;
				CLANG_WARN_SUSPICIOUS_MOVE = YES;
				CLANG_WARN_UNGUARDED_AVAILABILITY = YES_AGGRESSIVE;
				CLANG_WARN_UNREACHABLE_CODE = YES;
				CLANG_WARN__DUPLICATE_METHOD_MATCH = YES;
				COPY_PHASE_STRIP = NO;
				DEBUG_INFORMATION_FORMAT = dwarf;
				ENABLE_STRICT_OBJC_MSGSEND = YES;
				ENABLE_TESTABILITY = YES;
				GCC_C_LANGUAGE_STANDARD = gnu11;
				GCC_DYNAMIC_NO_PIC = NO;
				GCC_NO_COMMON_BLOCKS = YES;
				GCC_OPTIMIZATION_LEVEL = 0;
				GCC_PREPROCESSOR_DEFINITIONS = (
					"DEBUG=1",
					"$(inherited)",
				);
				GCC_WARN_64_TO_32_BIT_CONVERSION = YES;
				GCC_WARN_ABOUT_RETURN_TYPE = YES_ERROR;
				GCC_WARN_UNDECLARED_SELECTOR = YES;
				GCC_WARN_UNINITIALIZED_AUTOS = YES_AGGRESSIVE;
				GCC_WARN_UNUSED_FUNCTION = YES;
				GCC_WARN_UNUSED_VARIABLE = YES;
				IPHONEOS_DEPLOYMENT_TARGET = 14.5;
				MTL_ENABLE_DEBUG_INFO = INCLUDE_SOURCE;
				MTL_FAST_MATH = YES;
				ONLY_ACTIVE_ARCH = YES;
				SDKROOT = iphoneos;
				SWIFT_ACTIVE_COMPILATION_CONDITIONS = DEBUG;
				SWIFT_OPTIMIZATION_LEVEL = "-Onone";
			};
			name = Debug;
		};
		A08FA03B26B6CA7900C99E7C /* Release */ = {
			isa = XCBuildConfiguration;
			buildSettings = {
				ALWAYS_SEARCH_USER_PATHS = NO;
				CLANG_ANALYZER_NONNULL = YES;
				CLANG_ANALYZER_NUMBER_OBJECT_CONVERSION = YES_AGGRESSIVE;
				CLANG_CXX_LANGUAGE_STANDARD = "gnu++14";
				CLANG_CXX_LIBRARY = "libc++";
				CLANG_ENABLE_MODULES = YES;
				CLANG_ENABLE_OBJC_ARC = YES;
				CLANG_ENABLE_OBJC_WEAK = YES;
				CLANG_WARN_BLOCK_CAPTURE_AUTORELEASING = YES;
				CLANG_WARN_BOOL_CONVERSION = YES;
				CLANG_WARN_COMMA = YES;
				CLANG_WARN_CONSTANT_CONVERSION = YES;
				CLANG_WARN_DEPRECATED_OBJC_IMPLEMENTATIONS = YES;
				CLANG_WARN_DIRECT_OBJC_ISA_USAGE = YES_ERROR;
				CLANG_WARN_DOCUMENTATION_COMMENTS = YES;
				CLANG_WARN_EMPTY_BODY = YES;
				CLANG_WARN_ENUM_CONVERSION = YES;
				CLANG_WARN_INFINITE_RECURSION = YES;
				CLANG_WARN_INT_CONVERSION = YES;
				CLANG_WARN_NON_LITERAL_NULL_CONVERSION = YES;
				CLANG_WARN_OBJC_IMPLICIT_RETAIN_SELF = YES;
				CLANG_WARN_OBJC_LITERAL_CONVERSION = YES;
				CLANG_WARN_OBJC_ROOT_CLASS = YES_ERROR;
				CLANG_WARN_QUOTED_INCLUDE_IN_FRAMEWORK_HEADER = YES;
				CLANG_WARN_RANGE_LOOP_ANALYSIS = YES;
				CLANG_WARN_STRICT_PROTOTYPES = YES;
				CLANG_WARN_SUSPICIOUS_MOVE = YES;
				CLANG_WARN_UNGUARDED_AVAILABILITY = YES_AGGRESSIVE;
				CLANG_WARN_UNREACHABLE_CODE = YES;
				CLANG_WARN__DUPLICATE_METHOD_MATCH = YES;
				COPY_PHASE_STRIP = NO;
				DEBUG_INFORMATION_FORMAT = "dwarf-with-dsym";
				ENABLE_NS_ASSERTIONS = NO;
				ENABLE_STRICT_OBJC_MSGSEND = YES;
				GCC_C_LANGUAGE_STANDARD = gnu11;
				GCC_NO_COMMON_BLOCKS = YES;
				GCC_WARN_64_TO_32_BIT_CONVERSION = YES;
				GCC_WARN_ABOUT_RETURN_TYPE = YES_ERROR;
				GCC_WARN_UNDECLARED_SELECTOR = YES;
				GCC_WARN_UNINITIALIZED_AUTOS = YES_AGGRESSIVE;
				GCC_WARN_UNUSED_FUNCTION = YES;
				GCC_WARN_UNUSED_VARIABLE = YES;
				IPHONEOS_DEPLOYMENT_TARGET = 14.5;
				MTL_ENABLE_DEBUG_INFO = NO;
				MTL_FAST_MATH = YES;
				SDKROOT = iphoneos;
				SWIFT_COMPILATION_MODE = wholemodule;
				SWIFT_OPTIMIZATION_LEVEL = "-O";
				VALIDATE_PRODUCT = YES;
			};
			name = Release;
		};
		A08FA03D26B6CA7900C99E7C /* Debug */ = {
			isa = XCBuildConfiguration;
			baseConfigurationReference = D2FE1D04FD21F58B39449E25 /* Pods-Nutrition Analysis.debug.xcconfig */;
			buildSettings = {
				ASSETCATALOG_COMPILER_APPICON_NAME = AppIcon;
				ASSETCATALOG_COMPILER_GLOBAL_ACCENT_COLOR_NAME = AccentColor;
				CODE_SIGN_STYLE = Automatic;
				INFOPLIST_FILE = "Nutrition Analysis/Supporting Files/Info.plist";
				LD_RUNPATH_SEARCH_PATHS = (
					"$(inherited)",
					"@executable_path/Frameworks",
				);
				PRODUCT_BUNDLE_IDENTIFIER = "com.ammar.NutritionAnalysis.Nutrition-Analysis";
				PRODUCT_NAME = "$(TARGET_NAME)";
				SWIFT_VERSION = 5.0;
				TARGETED_DEVICE_FAMILY = "1,2";
			};
			name = Debug;
		};
		A08FA03E26B6CA7900C99E7C /* Release */ = {
			isa = XCBuildConfiguration;
			baseConfigurationReference = 728CF512CB1E95BED3F459A9 /* Pods-Nutrition Analysis.release.xcconfig */;
			buildSettings = {
				ASSETCATALOG_COMPILER_APPICON_NAME = AppIcon;
				ASSETCATALOG_COMPILER_GLOBAL_ACCENT_COLOR_NAME = AccentColor;
				CODE_SIGN_STYLE = Automatic;
				INFOPLIST_FILE = "Nutrition Analysis/Supporting Files/Info.plist";
				LD_RUNPATH_SEARCH_PATHS = (
					"$(inherited)",
					"@executable_path/Frameworks",
				);
				PRODUCT_BUNDLE_IDENTIFIER = "com.ammar.NutritionAnalysis.Nutrition-Analysis";
				PRODUCT_NAME = "$(TARGET_NAME)";
				SWIFT_VERSION = 5.0;
				TARGETED_DEVICE_FAMILY = "1,2";
			};
			name = Release;
		};
		A08FA04026B6CA7900C99E7C /* Debug */ = {
			isa = XCBuildConfiguration;
			baseConfigurationReference = 1222772EB85BC38206398D58 /* Pods-Nutrition AnalysisTests.debug.xcconfig */;
			buildSettings = {
				ALWAYS_EMBED_SWIFT_STANDARD_LIBRARIES = YES;
				BUNDLE_LOADER = "$(TEST_HOST)";
				CODE_SIGN_STYLE = Automatic;
				INFOPLIST_FILE = "Nutrition AnalysisTests/Info.plist";
				IPHONEOS_DEPLOYMENT_TARGET = 14.5;
				LD_RUNPATH_SEARCH_PATHS = (
					"$(inherited)",
					"@executable_path/Frameworks",
					"@loader_path/Frameworks",
				);
				PRODUCT_BUNDLE_IDENTIFIER = "com.ammar.NutritionAnalysis.Nutrition-AnalysisTests";
				PRODUCT_NAME = "$(TARGET_NAME)";
				SWIFT_VERSION = 5.0;
				TARGETED_DEVICE_FAMILY = "1,2";
				TEST_HOST = "$(BUILT_PRODUCTS_DIR)/Nutrition Analysis.app/Nutrition Analysis";
			};
			name = Debug;
		};
		A08FA04126B6CA7900C99E7C /* Release */ = {
			isa = XCBuildConfiguration;
			baseConfigurationReference = 9688B3F33A3D6CAD4590B853 /* Pods-Nutrition AnalysisTests.release.xcconfig */;
			buildSettings = {
				ALWAYS_EMBED_SWIFT_STANDARD_LIBRARIES = YES;
				BUNDLE_LOADER = "$(TEST_HOST)";
				CODE_SIGN_STYLE = Automatic;
				INFOPLIST_FILE = "Nutrition AnalysisTests/Info.plist";
				IPHONEOS_DEPLOYMENT_TARGET = 14.5;
				LD_RUNPATH_SEARCH_PATHS = (
					"$(inherited)",
					"@executable_path/Frameworks",
					"@loader_path/Frameworks",
				);
				PRODUCT_BUNDLE_IDENTIFIER = "com.ammar.NutritionAnalysis.Nutrition-AnalysisTests";
				PRODUCT_NAME = "$(TARGET_NAME)";
				SWIFT_VERSION = 5.0;
				TARGETED_DEVICE_FAMILY = "1,2";
				TEST_HOST = "$(BUILT_PRODUCTS_DIR)/Nutrition Analysis.app/Nutrition Analysis";
			};
			name = Release;
		};
		A08FA04326B6CA7900C99E7C /* Debug */ = {
			isa = XCBuildConfiguration;
			baseConfigurationReference = 83A3019B5A4C295FFB6B77C1 /* Pods-Nutrition Analysis-Nutrition AnalysisUITests.debug.xcconfig */;
			buildSettings = {
				ALWAYS_EMBED_SWIFT_STANDARD_LIBRARIES = YES;
				CODE_SIGN_STYLE = Automatic;
				INFOPLIST_FILE = "Nutrition AnalysisUITests/Info.plist";
				LD_RUNPATH_SEARCH_PATHS = (
					"$(inherited)",
					"@executable_path/Frameworks",
					"@loader_path/Frameworks",
				);
				PRODUCT_BUNDLE_IDENTIFIER = "com.ammar.NutritionAnalysis.Nutrition-AnalysisUITests";
				PRODUCT_NAME = "$(TARGET_NAME)";
				SWIFT_VERSION = 5.0;
				TARGETED_DEVICE_FAMILY = "1,2";
				TEST_TARGET_NAME = "Nutrition Analysis";
			};
			name = Debug;
		};
		A08FA04426B6CA7900C99E7C /* Release */ = {
			isa = XCBuildConfiguration;
			baseConfigurationReference = 19A71167A2D46935227CA4EF /* Pods-Nutrition Analysis-Nutrition AnalysisUITests.release.xcconfig */;
			buildSettings = {
				ALWAYS_EMBED_SWIFT_STANDARD_LIBRARIES = YES;
				CODE_SIGN_STYLE = Automatic;
				INFOPLIST_FILE = "Nutrition AnalysisUITests/Info.plist";
				LD_RUNPATH_SEARCH_PATHS = (
					"$(inherited)",
					"@executable_path/Frameworks",
					"@loader_path/Frameworks",
				);
				PRODUCT_BUNDLE_IDENTIFIER = "com.ammar.NutritionAnalysis.Nutrition-AnalysisUITests";
				PRODUCT_NAME = "$(TARGET_NAME)";
				SWIFT_VERSION = 5.0;
				TARGETED_DEVICE_FAMILY = "1,2";
				TEST_TARGET_NAME = "Nutrition Analysis";
			};
			name = Release;
		};
/* End XCBuildConfiguration section */

/* Begin XCConfigurationList section */
		A08FA00D26B6CA7700C99E7C /* Build configuration list for PBXProject "Nutrition Analysis" */ = {
			isa = XCConfigurationList;
			buildConfigurations = (
				A08FA03A26B6CA7900C99E7C /* Debug */,
				A08FA03B26B6CA7900C99E7C /* Release */,
			);
			defaultConfigurationIsVisible = 0;
			defaultConfigurationName = Release;
		};
		A08FA03C26B6CA7900C99E7C /* Build configuration list for PBXNativeTarget "Nutrition Analysis" */ = {
			isa = XCConfigurationList;
			buildConfigurations = (
				A08FA03D26B6CA7900C99E7C /* Debug */,
				A08FA03E26B6CA7900C99E7C /* Release */,
			);
			defaultConfigurationIsVisible = 0;
			defaultConfigurationName = Release;
		};
		A08FA03F26B6CA7900C99E7C /* Build configuration list for PBXNativeTarget "Nutrition AnalysisTests" */ = {
			isa = XCConfigurationList;
			buildConfigurations = (
				A08FA04026B6CA7900C99E7C /* Debug */,
				A08FA04126B6CA7900C99E7C /* Release */,
			);
			defaultConfigurationIsVisible = 0;
			defaultConfigurationName = Release;
		};
		A08FA04226B6CA7900C99E7C /* Build configuration list for PBXNativeTarget "Nutrition AnalysisUITests" */ = {
			isa = XCConfigurationList;
			buildConfigurations = (
				A08FA04326B6CA7900C99E7C /* Debug */,
				A08FA04426B6CA7900C99E7C /* Release */,
			);
			defaultConfigurationIsVisible = 0;
			defaultConfigurationName = Release;
		};
/* End XCConfigurationList section */
	};
	rootObject = A08FA00A26B6CA7700C99E7C /* Project object */;
}
